
Microsoft Visual Studio Solution File, Format Version 12.00
# Visual Studio Version 17
VisualStudioVersion = 17.8.34330.188
MinimumVisualStudioVersion = 10.0.40219.1
Project("{9A19103F-16F7-4668-BE54-9A1E7A4F7556}") = "API", "API\API.csproj", "{7906C2F1-CC1D-4A3D-B741-FCBC615C4DD9}"
EndProject
Project("{9A19103F-16F7-4668-BE54-9A1E7A4F7556}") = "Model", "Model\Model.csproj", "{3D993426-7FCA-4780-A11F-E06F80C0EEE3}"
EndProject
Project("{9A19103F-16F7-4668-BE54-9A1E7A4F7556}") = "Shared", "Shared\Shared.csproj", "{FB6B13EE-5195-4832-B91F-9C797725480C}"
EndProject
Project("{9A19103F-16F7-4668-BE54-9A1E7A4F7556}") = "TestsUnitaires", "TestsUnitaires\TestsUnitaires.csproj", "{DBE8CEBE-31BF-429B-8535-A4EA66C042D3}"
EndProject
Global
	GlobalSection(SolutionConfigurationPlatforms) = preSolution
		Debug|Any CPU = Debug|Any CPU
		Release|Any CPU = Release|Any CPU
	EndGlobalSection
	GlobalSection(ProjectConfigurationPlatforms) = postSolution
		{7906C2F1-CC1D-4A3D-B741-FCBC615C4DD9}.Debug|Any CPU.ActiveCfg = Debug|Any CPU
		{7906C2F1-CC1D-4A3D-B741-FCBC615C4DD9}.Debug|Any CPU.Build.0 = Debug|Any CPU
		{7906C2F1-CC1D-4A3D-B741-FCBC615C4DD9}.Release|Any CPU.ActiveCfg = Release|Any CPU
		{7906C2F1-CC1D-4A3D-B741-FCBC615C4DD9}.Release|Any CPU.Build.0 = Release|Any CPU
		{3D993426-7FCA-4780-A11F-E06F80C0EEE3}.Debug|Any CPU.ActiveCfg = Debug|Any CPU
		{3D993426-7FCA-4780-A11F-E06F80C0EEE3}.Debug|Any CPU.Build.0 = Debug|Any CPU
		{3D993426-7FCA-4780-A11F-E06F80C0EEE3}.Release|Any CPU.ActiveCfg = Release|Any CPU
		{3D993426-7FCA-4780-A11F-E06F80C0EEE3}.Release|Any CPU.Build.0 = Release|Any CPU
		{FB6B13EE-5195-4832-B91F-9C797725480C}.Debug|Any CPU.ActiveCfg = Debug|Any CPU
		{FB6B13EE-5195-4832-B91F-9C797725480C}.Debug|Any CPU.Build.0 = Debug|Any CPU
		{FB6B13EE-5195-4832-B91F-9C797725480C}.Release|Any CPU.ActiveCfg = Release|Any CPU
		{FB6B13EE-5195-4832-B91F-9C797725480C}.Release|Any CPU.Build.0 = Release|Any CPU
		{DBE8CEBE-31BF-429B-8535-A4EA66C042D3}.Debug|Any CPU.ActiveCfg = Debug|Any CPU
		{DBE8CEBE-31BF-429B-8535-A4EA66C042D3}.Debug|Any CPU.Build.0 = Debug|Any CPU
		{DBE8CEBE-31BF-429B-8535-A4EA66C042D3}.Release|Any CPU.ActiveCfg = Release|Any CPU
		{DBE8CEBE-31BF-429B-8535-A4EA66C042D3}.Release|Any CPU.Build.0 = Release|Any CPU
	EndGlobalSection
	GlobalSection(SolutionProperties) = preSolution
		HideSolutionNode = FALSE
	EndGlobalSection
	GlobalSection(ExtensibilityGlobals) = postSolution
		SolutionGuid = {1A1C33A2-E681-4384-B8FE-F524E650B7B0}
	EndGlobalSection
EndGlobal
